
Microsoft Visual Studio Solution File, Format Version 12.00
# Visual Studio Version 16
VisualStudioVersion = 16.0.33529.622
MinimumVisualStudioVersion = 10.0.40219.1
Project("{FAE04EC0-301F-11D3-BF4B-00C04F79EFBC}") = "testCustomerService", "testCustomerService.csproj", "{113C56BF-9071-4303-B7F6-631B06DCE63B}"
EndProject
Global
	GlobalSection(SolutionConfigurationPlatforms) = preSolution
		Debug|Any CPU = Debug|Any CPU
		Release|Any CPU = Release|Any CPU
	EndGlobalSection
	GlobalSection(ProjectConfigurationPlatforms) = postSolution
		{113C56BF-9071-4303-B7F6-631B06DCE63B}.Debug|Any CPU.ActiveCfg = Debug|Any CPU
		{113C56BF-9071-4303-B7F6-631B06DCE63B}.Debug|Any CPU.Build.0 = Debug|Any CPU
		{113C56BF-9071-4303-B7F6-631B06DCE63B}.Release|Any CPU.ActiveCfg = Release|Any CPU
		{113C56BF-9071-4303-B7F6-631B06DCE63B}.Release|Any CPU.Build.0 = Release|Any CPU
	EndGlobalSection
	GlobalSection(SolutionProperties) = preSolution
		HideSolutionNode = FALSE
	EndGlobalSection
	GlobalSection(ExtensibilityGlobals) = postSolution
		SolutionGuid = {23329502-74B5-49A2-92FF-ACD548448020}
	EndGlobalSection
EndGlobal
